// !$*UTF8*$!
{
	archiveVersion = 1;
	classes = {
	};
	objectVersion = 46;
	objects = {

/* Begin PBXBuildFile section */
		4C614DF11A0A39D600236CDC /* UserServiceRepository.m in Sources */ = {isa = PBXBuildFile; fileRef = 4C614DF01A0A39D600236CDC /* UserServiceRepository.m */; };
		4C614DF51A0A3B8F00236CDC /* RestKitImplementation.m in Sources */ = {isa = PBXBuildFile; fileRef = 4C614DF41A0A3B8F00236CDC /* RestKitImplementation.m */; };
		4C614DF91A0A3F3000236CDC /* SignUpRequest.m in Sources */ = {isa = PBXBuildFile; fileRef = 4C614DF81A0A3F3000236CDC /* SignUpRequest.m */; };
		4C614DFC1A0A3F5400236CDC /* SignUpResponse.m in Sources */ = {isa = PBXBuildFile; fileRef = 4C614DFB1A0A3F5400236CDC /* SignUpResponse.m */; };
		4C79B25D1A0A485800D632BE /* Employee.m in Sources */ = {isa = PBXBuildFile; fileRef = 4C79B25C1A0A485800D632BE /* Employee.m */; };
		4C79B2601A0A487000D632BE /* Beacon.m in Sources */ = {isa = PBXBuildFile; fileRef = 4C79B25F1A0A487000D632BE /* Beacon.m */; };
		4C79B2631A0A488400D632BE /* BeaconService.m in Sources */ = {isa = PBXBuildFile; fileRef = 4C79B2621A0A488400D632BE /* BeaconService.m */; };
		4C79B2661A0A489300D632BE /* RangingService.m in Sources */ = {isa = PBXBuildFile; fileRef = 4C79B2651A0A489300D632BE /* RangingService.m */; };
		4C79B2691A0A511E00D632BE /* RestKitMapping.m in Sources */ = {isa = PBXBuildFile; fileRef = 4C79B2681A0A511E00D632BE /* RestKitMapping.m */; };
		B751B4CA1A0A203C006FD259 /* Company.m in Sources */ = {isa = PBXBuildFile; fileRef = B751B4C91A0A203C006FD259 /* Company.m */; };
		B7B09E541A08A9F10038C04A /* main.m in Sources */ = {isa = PBXBuildFile; fileRef = B7B09E531A08A9F10038C04A /* main.m */; };
		B7B09E571A08A9F10038C04A /* AppDelegate.m in Sources */ = {isa = PBXBuildFile; fileRef = B7B09E561A08A9F10038C04A /* AppDelegate.m */; };
		B7B09E5A1A08A9F10038C04A /* TestLayeredArchitecture.xcdatamodeld in Sources */ = {isa = PBXBuildFile; fileRef = B7B09E581A08A9F10038C04A /* TestLayeredArchitecture.xcdatamodeld */; };
		B7B09E5D1A08A9F10038C04A /* ViewController.m in Sources */ = {isa = PBXBuildFile; fileRef = B7B09E5C1A08A9F10038C04A /* ViewController.m */; };
		B7B09E601A08A9F10038C04A /* Main.storyboard in Resources */ = {isa = PBXBuildFile; fileRef = B7B09E5E1A08A9F10038C04A /* Main.storyboard */; };
		B7B09E621A08A9F10038C04A /* Images.xcassets in Resources */ = {isa = PBXBuildFile; fileRef = B7B09E611A08A9F10038C04A /* Images.xcassets */; };
		B7B09E651A08A9F10038C04A /* LaunchScreen.xib in Resources */ = {isa = PBXBuildFile; fileRef = B7B09E631A08A9F10038C04A /* LaunchScreen.xib */; };
		B7B09E711A08A9F10038C04A /* TestLayeredArchitectureTests.m in Sources */ = {isa = PBXBuildFile; fileRef = B7B09E701A08A9F10038C04A /* TestLayeredArchitectureTests.m */; };
		B7B09E7D1A08AA960038C04A /* User.m in Sources */ = {isa = PBXBuildFile; fileRef = B7B09E7C1A08AA960038C04A /* User.m */; };
		B7B09E801A08AAAF0038C04A /* UserManager.m in Sources */ = {isa = PBXBuildFile; fileRef = B7B09E7F1A08AAAF0038C04A /* UserManager.m */; };
		B7B09E831A08AACC0038C04A /* UserDBRepository.m in Sources */ = {isa = PBXBuildFile; fileRef = B7B09E821A08AACC0038C04A /* UserDBRepository.m */; };
		B7B09E871A08AD730038C04A /* CoreDataImplementation.m in Sources */ = {isa = PBXBuildFile; fileRef = B7B09E861A08AD730038C04A /* CoreDataImplementation.m */; };
		D20576519A356DDC0759AC80 /* libPods.a in Frameworks */ = {isa = PBXBuildFile; fileRef = B049E46D353A6AAD0438A2BF /* libPods.a */; };
/* End PBXBuildFile section */

/* Begin PBXContainerItemProxy section */
		B7B09E6B1A08A9F10038C04A /* PBXContainerItemProxy */ = {
			isa = PBXContainerItemProxy;
			containerPortal = B7B09E461A08A9F10038C04A /* Project object */;
			proxyType = 1;
			remoteGlobalIDString = B7B09E4D1A08A9F10038C04A;
			remoteInfo = TestLayeredArchitecture;
		};
/* End PBXContainerItemProxy section */

/* Begin PBXFileReference section */
		4C614DEF1A0A39D600236CDC /* UserServiceRepository.h */ = {isa = PBXFileReference; fileEncoding = 4; lastKnownFileType = sourcecode.c.h; name = UserServiceRepository.h; path = ../UserServiceRepository.h; sourceTree = "<group>"; };
		4C614DF01A0A39D600236CDC /* UserServiceRepository.m */ = {isa = PBXFileReference; fileEncoding = 4; lastKnownFileType = sourcecode.c.objc; name = UserServiceRepository.m; path = ../UserServiceRepository.m; sourceTree = "<group>"; };
		4C614DF21A0A3A1500236CDC /* ServicesProtocol.h */ = {isa = PBXFileReference; lastKnownFileType = sourcecode.c.h; name = ServicesProtocol.h; path = ../ServicesProtocol.h; sourceTree = "<group>"; };
		4C614DF31A0A3B8F00236CDC /* RestKitImplementation.h */ = {isa = PBXFileReference; fileEncoding = 4; lastKnownFileType = sourcecode.c.h; name = RestKitImplementation.h; path = ../RestKitImplementation.h; sourceTree = "<group>"; };
		4C614DF41A0A3B8F00236CDC /* RestKitImplementation.m */ = {isa = PBXFileReference; fileEncoding = 4; lastKnownFileType = sourcecode.c.objc; name = RestKitImplementation.m; path = ../RestKitImplementation.m; sourceTree = "<group>"; };
		4C614DF71A0A3F3000236CDC /* SignUpRequest.h */ = {isa = PBXFileReference; fileEncoding = 4; lastKnownFileType = sourcecode.c.h; path = SignUpRequest.h; sourceTree = "<group>"; };
		4C614DF81A0A3F3000236CDC /* SignUpRequest.m */ = {isa = PBXFileReference; fileEncoding = 4; lastKnownFileType = sourcecode.c.objc; path = SignUpRequest.m; sourceTree = "<group>"; };
		4C614DFA1A0A3F5400236CDC /* SignUpResponse.h */ = {isa = PBXFileReference; fileEncoding = 4; lastKnownFileType = sourcecode.c.h; path = SignUpResponse.h; sourceTree = "<group>"; };
		4C614DFB1A0A3F5400236CDC /* SignUpResponse.m */ = {isa = PBXFileReference; fileEncoding = 4; lastKnownFileType = sourcecode.c.objc; path = SignUpResponse.m; sourceTree = "<group>"; };
		4C79B25B1A0A485800D632BE /* Employee.h */ = {isa = PBXFileReference; fileEncoding = 4; lastKnownFileType = sourcecode.c.h; path = Employee.h; sourceTree = "<group>"; };
		4C79B25C1A0A485800D632BE /* Employee.m */ = {isa = PBXFileReference; fileEncoding = 4; lastKnownFileType = sourcecode.c.objc; path = Employee.m; sourceTree = "<group>"; };
		4C79B25E1A0A487000D632BE /* Beacon.h */ = {isa = PBXFileReference; fileEncoding = 4; lastKnownFileType = sourcecode.c.h; path = Beacon.h; sourceTree = "<group>"; };
		4C79B25F1A0A487000D632BE /* Beacon.m */ = {isa = PBXFileReference; fileEncoding = 4; lastKnownFileType = sourcecode.c.objc; path = Beacon.m; sourceTree = "<group>"; };
		4C79B2611A0A488400D632BE /* BeaconService.h */ = {isa = PBXFileReference; fileEncoding = 4; lastKnownFileType = sourcecode.c.h; path = BeaconService.h; sourceTree = "<group>"; };
		4C79B2621A0A488400D632BE /* BeaconService.m */ = {isa = PBXFileReference; fileEncoding = 4; lastKnownFileType = sourcecode.c.objc; path = BeaconService.m; sourceTree = "<group>"; };
		4C79B2641A0A489300D632BE /* RangingService.h */ = {isa = PBXFileReference; fileEncoding = 4; lastKnownFileType = sourcecode.c.h; path = RangingService.h; sourceTree = "<group>"; };
		4C79B2651A0A489300D632BE /* RangingService.m */ = {isa = PBXFileReference; fileEncoding = 4; lastKnownFileType = sourcecode.c.objc; path = RangingService.m; sourceTree = "<group>"; };
		4C79B2671A0A511E00D632BE /* RestKitMapping.h */ = {isa = PBXFileReference; fileEncoding = 4; lastKnownFileType = sourcecode.c.h; name = RestKitMapping.h; path = ../RestKitMapping.h; sourceTree = "<group>"; };
		4C79B2681A0A511E00D632BE /* RestKitMapping.m */ = {isa = PBXFileReference; fileEncoding = 4; lastKnownFileType = sourcecode.c.objc; name = RestKitMapping.m; path = ../RestKitMapping.m; sourceTree = "<group>"; };
		5A156AA71DD39ECB89FF689E /* Pods.debug.xcconfig */ = {isa = PBXFileReference; includeInIndex = 1; lastKnownFileType = text.xcconfig; name = Pods.debug.xcconfig; path = "Pods/Target Support Files/Pods/Pods.debug.xcconfig"; sourceTree = "<group>"; };
		9425D6257E8B658B235487B8 /* Pods.release.xcconfig */ = {isa = PBXFileReference; includeInIndex = 1; lastKnownFileType = text.xcconfig; name = Pods.release.xcconfig; path = "Pods/Target Support Files/Pods/Pods.release.xcconfig"; sourceTree = "<group>"; };
		B049E46D353A6AAD0438A2BF /* libPods.a */ = {isa = PBXFileReference; explicitFileType = archive.ar; includeInIndex = 0; path = libPods.a; sourceTree = BUILT_PRODUCTS_DIR; };
		B751B4C81A0A203C006FD259 /* Company.h */ = {isa = PBXFileReference; fileEncoding = 4; lastKnownFileType = sourcecode.c.h; path = Company.h; sourceTree = "<group>"; };
		B751B4C91A0A203C006FD259 /* Company.m */ = {isa = PBXFileReference; fileEncoding = 4; lastKnownFileType = sourcecode.c.objc; path = Company.m; sourceTree = "<group>"; };
		B7B09E4E1A08A9F10038C04A /* TestLayeredArchitecture.app */ = {isa = PBXFileReference; explicitFileType = wrapper.application; includeInIndex = 0; path = TestLayeredArchitecture.app; sourceTree = BUILT_PRODUCTS_DIR; };
		B7B09E521A08A9F10038C04A /* Info.plist */ = {isa = PBXFileReference; lastKnownFileType = text.plist.xml; path = Info.plist; sourceTree = "<group>"; };
		B7B09E531A08A9F10038C04A /* main.m */ = {isa = PBXFileReference; lastKnownFileType = sourcecode.c.objc; path = main.m; sourceTree = "<group>"; };
		B7B09E551A08A9F10038C04A /* AppDelegate.h */ = {isa = PBXFileReference; lastKnownFileType = sourcecode.c.h; path = AppDelegate.h; sourceTree = "<group>"; };
		B7B09E561A08A9F10038C04A /* AppDelegate.m */ = {isa = PBXFileReference; lastKnownFileType = sourcecode.c.objc; path = AppDelegate.m; sourceTree = "<group>"; };
		B7B09E591A08A9F10038C04A /* TestLayeredArchitecture.xcdatamodel */ = {isa = PBXFileReference; lastKnownFileType = wrapper.xcdatamodel; path = TestLayeredArchitecture.xcdatamodel; sourceTree = "<group>"; };
		B7B09E5B1A08A9F10038C04A /* ViewController.h */ = {isa = PBXFileReference; lastKnownFileType = sourcecode.c.h; path = ViewController.h; sourceTree = "<group>"; };
		B7B09E5C1A08A9F10038C04A /* ViewController.m */ = {isa = PBXFileReference; lastKnownFileType = sourcecode.c.objc; path = ViewController.m; sourceTree = "<group>"; };
		B7B09E5F1A08A9F10038C04A /* Base */ = {isa = PBXFileReference; lastKnownFileType = file.storyboard; name = Base; path = Base.lproj/Main.storyboard; sourceTree = "<group>"; };
		B7B09E611A08A9F10038C04A /* Images.xcassets */ = {isa = PBXFileReference; lastKnownFileType = folder.assetcatalog; path = Images.xcassets; sourceTree = "<group>"; };
		B7B09E641A08A9F10038C04A /* Base */ = {isa = PBXFileReference; lastKnownFileType = file.xib; name = Base; path = Base.lproj/LaunchScreen.xib; sourceTree = "<group>"; };
		B7B09E6A1A08A9F10038C04A /* TestLayeredArchitectureTests.xctest */ = {isa = PBXFileReference; explicitFileType = wrapper.cfbundle; includeInIndex = 0; path = TestLayeredArchitectureTests.xctest; sourceTree = BUILT_PRODUCTS_DIR; };
		B7B09E6F1A08A9F10038C04A /* Info.plist */ = {isa = PBXFileReference; lastKnownFileType = text.plist.xml; path = Info.plist; sourceTree = "<group>"; };
		B7B09E701A08A9F10038C04A /* TestLayeredArchitectureTests.m */ = {isa = PBXFileReference; lastKnownFileType = sourcecode.c.objc; path = TestLayeredArchitectureTests.m; sourceTree = "<group>"; };
		B7B09E7B1A08AA960038C04A /* User.h */ = {isa = PBXFileReference; fileEncoding = 4; lastKnownFileType = sourcecode.c.h; path = User.h; sourceTree = "<group>"; };
		B7B09E7C1A08AA960038C04A /* User.m */ = {isa = PBXFileReference; fileEncoding = 4; lastKnownFileType = sourcecode.c.objc; path = User.m; sourceTree = "<group>"; };
		B7B09E7E1A08AAAF0038C04A /* UserManager.h */ = {isa = PBXFileReference; fileEncoding = 4; lastKnownFileType = sourcecode.c.h; path = UserManager.h; sourceTree = "<group>"; };
		B7B09E7F1A08AAAF0038C04A /* UserManager.m */ = {isa = PBXFileReference; fileEncoding = 4; lastKnownFileType = sourcecode.c.objc; path = UserManager.m; sourceTree = "<group>"; };
		B7B09E811A08AACC0038C04A /* UserDBRepository.h */ = {isa = PBXFileReference; fileEncoding = 4; lastKnownFileType = sourcecode.c.h; path = UserDBRepository.h; sourceTree = "<group>"; };
		B7B09E821A08AACC0038C04A /* UserDBRepository.m */ = {isa = PBXFileReference; fileEncoding = 4; lastKnownFileType = sourcecode.c.objc; path = UserDBRepository.m; sourceTree = "<group>"; };
		B7B09E841A08AAF30038C04A /* DatabaseProtocol.h */ = {isa = PBXFileReference; lastKnownFileType = sourcecode.c.h; path = DatabaseProtocol.h; sourceTree = "<group>"; };
		B7B09E851A08AD730038C04A /* CoreDataImplementation.h */ = {isa = PBXFileReference; fileEncoding = 4; lastKnownFileType = sourcecode.c.h; path = CoreDataImplementation.h; sourceTree = "<group>"; };
		B7B09E861A08AD730038C04A /* CoreDataImplementation.m */ = {isa = PBXFileReference; fileEncoding = 4; lastKnownFileType = sourcecode.c.objc; path = CoreDataImplementation.m; sourceTree = "<group>"; };
/* End PBXFileReference section */

/* Begin PBXFrameworksBuildPhase section */
		B7B09E4B1A08A9F10038C04A /* Frameworks */ = {
			isa = PBXFrameworksBuildPhase;
			buildActionMask = 2147483647;
			files = (
				D20576519A356DDC0759AC80 /* libPods.a in Frameworks */,
			);
			runOnlyForDeploymentPostprocessing = 0;
		};
		B7B09E671A08A9F10038C04A /* Frameworks */ = {
			isa = PBXFrameworksBuildPhase;
			buildActionMask = 2147483647;
			files = (
			);
			runOnlyForDeploymentPostprocessing = 0;
		};
/* End PBXFrameworksBuildPhase section */

/* Begin PBXGroup section */
		4C614DF61A0A3DFE00236CDC /* RestKitModels */ = {
			isa = PBXGroup;
			children = (
				4C614DF71A0A3F3000236CDC /* SignUpRequest.h */,
				4C614DF81A0A3F3000236CDC /* SignUpRequest.m */,
				4C614DFA1A0A3F5400236CDC /* SignUpResponse.h */,
				4C614DFB1A0A3F5400236CDC /* SignUpResponse.m */,
				4C79B25B1A0A485800D632BE /* Employee.h */,
				4C79B25C1A0A485800D632BE /* Employee.m */,
				4C79B25E1A0A487000D632BE /* Beacon.h */,
				4C79B25F1A0A487000D632BE /* Beacon.m */,
				4C79B2611A0A488400D632BE /* BeaconService.h */,
				4C79B2621A0A488400D632BE /* BeaconService.m */,
				4C79B2641A0A489300D632BE /* RangingService.h */,
				4C79B2651A0A489300D632BE /* RangingService.m */,
			);
			name = RestKitModels;
			path = ..;
			sourceTree = "<group>";
		};
		50FDFE2DA353B0A3B823085B /* Frameworks */ = {
			isa = PBXGroup;
			children = (
				B049E46D353A6AAD0438A2BF /* libPods.a */,
			);
			name = Frameworks;
			sourceTree = "<group>";
		};
		B7B09E451A08A9F10038C04A = {
			isa = PBXGroup;
			children = (
				B7B09E501A08A9F10038C04A /* TestLayeredArchitecture */,
				B7B09E6D1A08A9F10038C04A /* TestLayeredArchitectureTests */,
				B7B09E4F1A08A9F10038C04A /* Products */,
				F289232E3918A650431B2297 /* Pods */,
				50FDFE2DA353B0A3B823085B /* Frameworks */,
			);
			sourceTree = "<group>";
		};
		B7B09E4F1A08A9F10038C04A /* Products */ = {
			isa = PBXGroup;
			children = (
				B7B09E4E1A08A9F10038C04A /* TestLayeredArchitecture.app */,
				B7B09E6A1A08A9F10038C04A /* TestLayeredArchitectureTests.xctest */,
			);
			name = Products;
			sourceTree = "<group>";
		};
		B7B09E501A08A9F10038C04A /* TestLayeredArchitecture */ = {
			isa = PBXGroup;
			children = (
				B7B09E7A1A08AA060038C04A /* Controller */,
				4C79B2671A0A511E00D632BE /* RestKitMapping.h */,
				4C79B2681A0A511E00D632BE /* RestKitMapping.m */,
				B7B09E551A08A9F10038C04A /* AppDelegate.h */,
				B7B09E561A08A9F10038C04A /* AppDelegate.m */,
				B7B09E5B1A08A9F10038C04A /* ViewController.h */,
				B7B09E5C1A08A9F10038C04A /* ViewController.m */,
				B7B09E5E1A08A9F10038C04A /* Main.storyboard */,
				B7B09E611A08A9F10038C04A /* Images.xcassets */,
				B7B09E631A08A9F10038C04A /* LaunchScreen.xib */,
				B7B09E581A08A9F10038C04A /* TestLayeredArchitecture.xcdatamodeld */,
				B7B09E511A08A9F10038C04A /* Supporting Files */,
			);
			path = TestLayeredArchitecture;
			sourceTree = "<group>";
		};
		B7B09E511A08A9F10038C04A /* Supporting Files */ = {
			isa = PBXGroup;
			children = (
				B7B09E521A08A9F10038C04A /* Info.plist */,
				B7B09E531A08A9F10038C04A /* main.m */,
			);
			name = "Supporting Files";
			sourceTree = "<group>";
		};
		B7B09E6D1A08A9F10038C04A /* TestLayeredArchitectureTests */ = {
			isa = PBXGroup;
			children = (
				B7B09E701A08A9F10038C04A /* TestLayeredArchitectureTests.m */,
				B7B09E6E1A08A9F10038C04A /* Supporting Files */,
			);
			path = TestLayeredArchitectureTests;
			sourceTree = "<group>";
		};
		B7B09E6E1A08A9F10038C04A /* Supporting Files */ = {
			isa = PBXGroup;
			children = (
				B7B09E6F1A08A9F10038C04A /* Info.plist */,
			);
			name = "Supporting Files";
			sourceTree = "<group>";
		};
		B7B09E7A1A08AA060038C04A /* Controller */ = {
			isa = PBXGroup;
			children = (
				B7B09E7B1A08AA960038C04A /* User.h */,
				B7B09E7C1A08AA960038C04A /* User.m */,
				B7B09E7E1A08AAAF0038C04A /* UserManager.h */,
				B7B09E7F1A08AAAF0038C04A /* UserManager.m */,
				B7B09E861A08AD730038C04A /* CoreDataImplementation.m */,
				B7B09E811A08AACC0038C04A /* UserDBRepository.h */,
				B7B09E821A08AACC0038C04A /* UserDBRepository.m */,
				B7B09E841A08AAF30038C04A /* DatabaseProtocol.h */,
				B7B09E851A08AD730038C04A /* CoreDataImplementation.h */,
				B751B4C81A0A203C006FD259 /* Company.h */,
				B751B4C91A0A203C006FD259 /* Company.m */,
				4C614DEF1A0A39D600236CDC /* UserServiceRepository.h */,
				4C614DF01A0A39D600236CDC /* UserServiceRepository.m */,
				4C614DF21A0A3A1500236CDC /* ServicesProtocol.h */,
				4C614DF31A0A3B8F00236CDC /* RestKitImplementation.h */,
				4C614DF41A0A3B8F00236CDC /* RestKitImplementation.m */,
				4C614DF61A0A3DFE00236CDC /* RestKitModels */,
			);
			name = Controller;
			sourceTree = "<group>";
		};
		F289232E3918A650431B2297 /* Pods */ = {
			isa = PBXGroup;
			children = (
				5A156AA71DD39ECB89FF689E /* Pods.debug.xcconfig */,
				9425D6257E8B658B235487B8 /* Pods.release.xcconfig */,
			);
			name = Pods;
			sourceTree = "<group>";
		};
/* End PBXGroup section */

/* Begin PBXNativeTarget section */
		B7B09E4D1A08A9F10038C04A /* TestLayeredArchitecture */ = {
			isa = PBXNativeTarget;
			buildConfigurationList = B7B09E741A08A9F20038C04A /* Build configuration list for PBXNativeTarget "TestLayeredArchitecture" */;
			buildPhases = (
				3649207891567685A0A77B20 /* Check Pods Manifest.lock */,
				B7B09E4A1A08A9F10038C04A /* Sources */,
				B7B09E4B1A08A9F10038C04A /* Frameworks */,
				B7B09E4C1A08A9F10038C04A /* Resources */,
				7D5375888B9094BEAB189557 /* Copy Pods Resources */,
			);
			buildRules = (
			);
			dependencies = (
			);
			name = TestLayeredArchitecture;
			productName = TestLayeredArchitecture;
			productReference = B7B09E4E1A08A9F10038C04A /* TestLayeredArchitecture.app */;
			productType = "com.apple.product-type.application";
		};
		B7B09E691A08A9F10038C04A /* TestLayeredArchitectureTests */ = {
			isa = PBXNativeTarget;
			buildConfigurationList = B7B09E771A08A9F20038C04A /* Build configuration list for PBXNativeTarget "TestLayeredArchitectureTests" */;
			buildPhases = (
				B7B09E661A08A9F10038C04A /* Sources */,
				B7B09E671A08A9F10038C04A /* Frameworks */,
				B7B09E681A08A9F10038C04A /* Resources */,
			);
			buildRules = (
			);
			dependencies = (
				B7B09E6C1A08A9F10038C04A /* PBXTargetDependency */,
			);
			name = TestLayeredArchitectureTests;
			productName = TestLayeredArchitectureTests;
			productReference = B7B09E6A1A08A9F10038C04A /* TestLayeredArchitectureTests.xctest */;
			productType = "com.apple.product-type.bundle.unit-test";
		};
/* End PBXNativeTarget section */

/* Begin PBXProject section */
		B7B09E461A08A9F10038C04A /* Project object */ = {
			isa = PBXProject;
			attributes = {
				LastUpgradeCheck = 0600;
				ORGANIZATIONNAME = CCI;
				TargetAttributes = {
					B7B09E4D1A08A9F10038C04A = {
						CreatedOnToolsVersion = 6.0.1;
					};
					B7B09E691A08A9F10038C04A = {
						CreatedOnToolsVersion = 6.0.1;
						TestTargetID = B7B09E4D1A08A9F10038C04A;
					};
				};
			};
			buildConfigurationList = B7B09E491A08A9F10038C04A /* Build configuration list for PBXProject "TestLayeredArchitecture" */;
			compatibilityVersion = "Xcode 3.2";
			developmentRegion = English;
			hasScannedForEncodings = 0;
			knownRegions = (
				en,
				Base,
			);
			mainGroup = B7B09E451A08A9F10038C04A;
			productRefGroup = B7B09E4F1A08A9F10038C04A /* Products */;
			projectDirPath = "";
			projectRoot = "";
			targets = (
				B7B09E4D1A08A9F10038C04A /* TestLayeredArchitecture */,
				B7B09E691A08A9F10038C04A /* TestLayeredArchitectureTests */,
			);
		};
/* End PBXProject section */

/* Begin PBXResourcesBuildPhase section */
		B7B09E4C1A08A9F10038C04A /* Resources */ = {
			isa = PBXResourcesBuildPhase;
			buildActionMask = 2147483647;
			files = (
				B7B09E601A08A9F10038C04A /* Main.storyboard in Resources */,
				B7B09E651A08A9F10038C04A /* LaunchScreen.xib in Resources */,
				B7B09E621A08A9F10038C04A /* Images.xcassets in Resources */,
			);
			runOnlyForDeploymentPostprocessing = 0;
		};
		B7B09E681A08A9F10038C04A /* Resources */ = {
			isa = PBXResourcesBuildPhase;
			buildActionMask = 2147483647;
			files = (
			);
			runOnlyForDeploymentPostprocessing = 0;
		};
/* End PBXResourcesBuildPhase section */

/* Begin PBXShellScriptBuildPhase section */
		3649207891567685A0A77B20 /* Check Pods Manifest.lock */ = {
			isa = PBXShellScriptBuildPhase;
			buildActionMask = 2147483647;
			files = (
			);
			inputPaths = (
			);
			name = "Check Pods Manifest.lock";
			outputPaths = (
			);
			runOnlyForDeploymentPostprocessing = 0;
			shellPath = /bin/sh;
			shellScript = "diff \"${PODS_ROOT}/../Podfile.lock\" \"${PODS_ROOT}/Manifest.lock\" > /dev/null\nif [[ $? != 0 ]] ; then\n    cat << EOM\nerror: The sandbox is not in sync with the Podfile.lock. Run 'pod install' or update your CocoaPods installation.\nEOM\n    exit 1\nfi\n";
			showEnvVarsInLog = 0;
		};
		7D5375888B9094BEAB189557 /* Copy Pods Resources */ = {
			isa = PBXShellScriptBuildPhase;
			buildActionMask = 2147483647;
			files = (
			);
			inputPaths = (
			);
			name = "Copy Pods Resources";
			outputPaths = (
			);
			runOnlyForDeploymentPostprocessing = 0;
			shellPath = /bin/sh;
			shellScript = "\"${SRCROOT}/Pods/Target Support Files/Pods/Pods-resources.sh\"\n";
			showEnvVarsInLog = 0;
		};
/* End PBXShellScriptBuildPhase section */

/* Begin PBXSourcesBuildPhase section */
		B7B09E4A1A08A9F10038C04A /* Sources */ = {
			isa = PBXSourcesBuildPhase;
			buildActionMask = 2147483647;
			files = (
				B7B09E7D1A08AA960038C04A /* User.m in Sources */,
				B7B09E831A08AACC0038C04A /* UserDBRepository.m in Sources */,
				4C614DFC1A0A3F5400236CDC /* SignUpResponse.m in Sources */,
				4C79B2631A0A488400D632BE /* BeaconService.m in Sources */,
				4C614DF91A0A3F3000236CDC /* SignUpRequest.m in Sources */,
				4C79B2691A0A511E00D632BE /* RestKitMapping.m in Sources */,
				B7B09E571A08A9F10038C04A /* AppDelegate.m in Sources */,
				4C614DF51A0A3B8F00236CDC /* RestKitImplementation.m in Sources */,
				B7B09E541A08A9F10038C04A /* main.m in Sources */,
				B7B09E871A08AD730038C04A /* CoreDataImplementation.m in Sources */,
				B7B09E5D1A08A9F10038C04A /* ViewController.m in Sources */,
				4C614DF11A0A39D600236CDC /* UserServiceRepository.m in Sources */,
				B7B09E801A08AAAF0038C04A /* UserManager.m in Sources */,
				B751B4CA1A0A203C006FD259 /* Company.m in Sources */,
				4C79B2661A0A489300D632BE /* RangingService.m in Sources */,
				4C79B2601A0A487000D632BE /* Beacon.m in Sources */,
				B7B09E5A1A08A9F10038C04A /* TestLayeredArchitecture.xcdatamodeld in Sources */,
				4C79B25D1A0A485800D632BE /* Employee.m in Sources */,
			);
			runOnlyForDeploymentPostprocessing = 0;
		};
		B7B09E661A08A9F10038C04A /* Sources */ = {
			isa = PBXSourcesBuildPhase;
			buildActionMask = 2147483647;
			files = (
				B7B09E711A08A9F10038C04A /* TestLayeredArchitectureTests.m in Sources */,
			);
			runOnlyForDeploymentPostprocessing = 0;
		};
/* End PBXSourcesBuildPhase section */

/* Begin PBXTargetDependency section */
		B7B09E6C1A08A9F10038C04A /* PBXTargetDependency */ = {
			isa = PBXTargetDependency;
			target = B7B09E4D1A08A9F10038C04A /* TestLayeredArchitecture */;
			targetProxy = B7B09E6B1A08A9F10038C04A /* PBXContainerItemProxy */;
		};
/* End PBXTargetDependency section */

/* Begin PBXVariantGroup section */
		B7B09E5E1A08A9F10038C04A /* Main.storyboard */ = {
			isa = PBXVariantGroup;
			children = (
				B7B09E5F1A08A9F10038C04A /* Base */,
			);
			name = Main.storyboard;
			sourceTree = "<group>";
		};
		B7B09E631A08A9F10038C04A /* LaunchScreen.xib */ = {
			isa = PBXVariantGroup;
			children = (
				B7B09E641A08A9F10038C04A /* Base */,
			);
			name = LaunchScreen.xib;
			sourceTree = "<group>";
		};
/* End PBXVariantGroup section */

/* Begin XCBuildConfiguration section */
		B7B09E721A08A9F10038C04A /* Debug */ = {
			isa = XCBuildConfiguration;
			buildSettings = {
				ALWAYS_SEARCH_USER_PATHS = NO;
				CLANG_CXX_LANGUAGE_STANDARD = "gnu++0x";
				CLANG_CXX_LIBRARY = "libc++";
				CLANG_ENABLE_MODULES = YES;
				CLANG_ENABLE_OBJC_ARC = YES;
				CLANG_WARN_BOOL_CONVERSION = YES;
				CLANG_WARN_CONSTANT_CONVERSION = YES;
				CLANG_WARN_DIRECT_OBJC_ISA_USAGE = YES_ERROR;
				CLANG_WARN_EMPTY_BODY = YES;
				CLANG_WARN_ENUM_CONVERSION = YES;
				CLANG_WARN_INT_CONVERSION = YES;
				CLANG_WARN_OBJC_ROOT_CLASS = YES_ERROR;
				CLANG_WARN_UNREACHABLE_CODE = YES;
				CLANG_WARN__DUPLICATE_METHOD_MATCH = YES;
				"CODE_SIGN_IDENTITY[sdk=iphoneos*]" = "iPhone Developer";
				COPY_PHASE_STRIP = NO;
				ENABLE_STRICT_OBJC_MSGSEND = YES;
				GCC_C_LANGUAGE_STANDARD = gnu99;
				GCC_DYNAMIC_NO_PIC = NO;
				GCC_OPTIMIZATION_LEVEL = 0;
				GCC_PREPROCESSOR_DEFINITIONS = (
					"DEBUG=1",
					"$(inherited)",
				);
				GCC_SYMBOLS_PRIVATE_EXTERN = NO;
				GCC_WARN_64_TO_32_BIT_CONVERSION = YES;
				GCC_WARN_ABOUT_RETURN_TYPE = YES_ERROR;
				GCC_WARN_UNDECLARED_SELECTOR = YES;
				GCC_WARN_UNINITIALIZED_AUTOS = YES_AGGRESSIVE;
				GCC_WARN_UNUSED_FUNCTION = YES;
				GCC_WARN_UNUSED_VARIABLE = YES;
				IPHONEOS_DEPLOYMENT_TARGET = 8.0;
				MTL_ENABLE_DEBUG_INFO = YES;
				ONLY_ACTIVE_ARCH = YES;
				SDKROOT = iphoneos;
			};
			name = Debug;
		};
		B7B09E731A08A9F10038C04A /* Release */ = {
			isa = XCBuildConfiguration;
			buildSettings = {
				ALWAYS_SEARCH_USER_PATHS = NO;
				CLANG_CXX_LANGUAGE_STANDARD = "gnu++0x";
				CLANG_CXX_LIBRARY = "libc++";
				CLANG_ENABLE_MODULES = YES;
				CLANG_ENABLE_OBJC_ARC = YES;
				CLANG_WARN_BOOL_CONVERSION = YES;
				CLANG_WARN_CONSTANT_CONVERSION = YES;
				CLANG_WARN_DIRECT_OBJC_ISA_USAGE = YES_ERROR;
				CLANG_WARN_EMPTY_BODY = YES;
				CLANG_WARN_ENUM_CONVERSION = YES;
				CLANG_WARN_INT_CONVERSION = YES;
				CLANG_WARN_OBJC_ROOT_CLASS = YES_ERROR;
				CLANG_WARN_UNREACHABLE_CODE = YES;
				CLANG_WARN__DUPLICATE_METHOD_MATCH = YES;
				"CODE_SIGN_IDENTITY[sdk=iphoneos*]" = "iPhone Developer";
				COPY_PHASE_STRIP = YES;
				ENABLE_NS_ASSERTIONS = NO;
				ENABLE_STRICT_OBJC_MSGSEND = YES;
				GCC_C_LANGUAGE_STANDARD = gnu99;
				GCC_WARN_64_TO_32_BIT_CONVERSION = YES;
				GCC_WARN_ABOUT_RETURN_TYPE = YES_ERROR;
				GCC_WARN_UNDECLARED_SELECTOR = YES;
				GCC_WARN_UNINITIALIZED_AUTOS = YES_AGGRESSIVE;
				GCC_WARN_UNUSED_FUNCTION = YES;
				GCC_WARN_UNUSED_VARIABLE = YES;
				IPHONEOS_DEPLOYMENT_TARGET = 8.0;
				MTL_ENABLE_DEBUG_INFO = NO;
				SDKROOT = iphoneos;
				VALIDATE_PRODUCT = YES;
			};
			name = Release;
		};
		B7B09E751A08A9F20038C04A /* Debug */ = {
			isa = XCBuildConfiguration;
			baseConfigurationReference = 5A156AA71DD39ECB89FF689E /* Pods.debug.xcconfig */;
			buildSettings = {
				ASSETCATALOG_COMPILER_APPICON_NAME = AppIcon;
				INFOPLIST_FILE = TestLayeredArchitecture/Info.plist;
				LD_RUNPATH_SEARCH_PATHS = "$(inherited) @executable_path/Frameworks";
				PRODUCT_NAME = "$(TARGET_NAME)";
			};
			name = Debug;
		};
		B7B09E761A08A9F20038C04A /* Release */ = {
			isa = XCBuildConfiguration;
			baseConfigurationReference = 9425D6257E8B658B235487B8 /* Pods.release.xcconfig */;
			buildSettings = {
				ASSETCATALOG_COMPILER_APPICON_NAME = AppIcon;
				INFOPLIST_FILE = TestLayeredArchitecture/Info.plist;
				LD_RUNPATH_SEARCH_PATHS = "$(inherited) @executable_path/Frameworks";
				PRODUCT_NAME = "$(TARGET_NAME)";
			};
			name = Release;
		};
		B7B09E781A08A9F20038C04A /* Debug */ = {
			isa = XCBuildConfiguration;
			buildSettings = {
				BUNDLE_LOADER = "$(TEST_HOST)";
				FRAMEWORK_SEARCH_PATHS = (
					"$(SDKROOT)/Developer/Library/Frameworks",
					"$(inherited)",
				);
				GCC_PREPROCESSOR_DEFINITIONS = (
					"DEBUG=1",
					"$(inherited)",
				);
				INFOPLIST_FILE = TestLayeredArchitectureTests/Info.plist;
				LD_RUNPATH_SEARCH_PATHS = "$(inherited) @executable_path/Frameworks @loader_path/Frameworks";
				PRODUCT_NAME = "$(TARGET_NAME)";
				TEST_HOST = "$(BUILT_PRODUCTS_DIR)/TestLayeredArchitecture.app/TestLayeredArchitecture";
			};
			name = Debug;
		};
		B7B09E791A08A9F20038C04A /* Release */ = {
			isa = XCBuildConfiguration;
			buildSettings = {
				BUNDLE_LOADER = "$(TEST_HOST)";
				FRAMEWORK_SEARCH_PATHS = (
					"$(SDKROOT)/Developer/Library/Frameworks",
					"$(inherited)",
				);
				INFOPLIST_FILE = TestLayeredArchitectureTests/Info.plist;
				LD_RUNPATH_SEARCH_PATHS = "$(inherited) @executable_path/Frameworks @loader_path/Frameworks";
				PRODUCT_NAME = "$(TARGET_NAME)";
				TEST_HOST = "$(BUILT_PRODUCTS_DIR)/TestLayeredArchitecture.app/TestLayeredArchitecture";
			};
			name = Release;
		};
/* End XCBuildConfiguration section */

/* Begin XCConfigurationList section */
		B7B09E491A08A9F10038C04A /* Build configuration list for PBXProject "TestLayeredArchitecture" */ = {
			isa = XCConfigurationList;
			buildConfigurations = (
				B7B09E721A08A9F10038C04A /* Debug */,
				B7B09E731A08A9F10038C04A /* Release */,
			);
			defaultConfigurationIsVisible = 0;
			defaultConfigurationName = Release;
		};
		B7B09E741A08A9F20038C04A /* Build configuration list for PBXNativeTarget "TestLayeredArchitecture" */ = {
			isa = XCConfigurationList;
			buildConfigurations = (
				B7B09E751A08A9F20038C04A /* Debug */,
				B7B09E761A08A9F20038C04A /* Release */,
			);
			defaultConfigurationIsVisible = 0;
			defaultConfigurationName = Release;
		};
		B7B09E771A08A9F20038C04A /* Build configuration list for PBXNativeTarget "TestLayeredArchitectureTests" */ = {
			isa = XCConfigurationList;
			buildConfigurations = (
				B7B09E781A08A9F20038C04A /* Debug */,
				B7B09E791A08A9F20038C04A /* Release */,
			);
			defaultConfigurationIsVisible = 0;
			defaultConfigurationName = Release;
		};
/* End XCConfigurationList section */

/* Begin XCVersionGroup section */
		B7B09E581A08A9F10038C04A /* TestLayeredArchitecture.xcdatamodeld */ = {
			isa = XCVersionGroup;
			children = (
				B7B09E591A08A9F10038C04A /* TestLayeredArchitecture.xcdatamodel */,
			);
			currentVersion = B7B09E591A08A9F10038C04A /* TestLayeredArchitecture.xcdatamodel */;
			path = TestLayeredArchitecture.xcdatamodeld;
			sourceTree = "<group>";
			versionGroupType = wrapper.xcdatamodel;
		};
/* End XCVersionGroup section */
	};
	rootObject = B7B09E461A08A9F10038C04A /* Project object */;
}
